{
  "name": "5.4",
  "lockfileVersion": 3,
  "requires": true,
  "packages": {
    "": {
      "dependencies": {
        "types-registry": "^0.1.685"
      },
      "devDependencies": {
        "@types/body-parser": "^1.19.5",
        "@types/cors": "^2.8.17",
        "@types/d3": "^7.4.3",
        "@types/express": "^4.17.21",
        "@types/inherits": "^0.0.33",
        "@types/mysql": "^2.15.26",
        "@types/react": "^18.3.3",
        "@types/react-dom": "^18.3.0",
        "@types/rethinkdb": "^2.3.21"
      }
    },
    "node_modules/@types/body-parser": {
      "version": "1.19.5",
      "resolved": "https://registry.npmjs.org/@types/body-parser/-/body-parser-1.19.5.tgz",
      "integrity": "sha512-fB3Zu92ucau0iQ0JMCFQE7b/dv8Ot07NI3KaZIkIUNXq82k4eBAqUaneXfleGY9JWskeS9y+u0nXMyspcuQrCg==",
      "dev": true,
      "dependencies": {
        "@types/connect": "*",
        "@types/node": "*"
      }
    },
    "node_modules/@types/connect": {
      "version": "3.4.38",
      "resolved": "https://registry.npmjs.org/@types/connect/-/connect-3.4.38.tgz",
      "integrity": "sha512-K6uROf1LD88uDQqJCktA4yzL1YYAK6NgfsI0v/mTgyPKWsX1CnJ0XPSDhViejru1GcRkLWb8RlzFYJRqGUbaug==",
      "dev": true,
      "dependencies": {
        "@types/node": "*"
      }
    },
    "node_modules/@types/cors": {
      "version": "2.8.17",
      "resolved": "https://registry.npmjs.org/@types/cors/-/cors-2.8.17.tgz",
      "integrity": "sha512-8CGDvrBj1zgo2qE+oS3pOCyYNqCPryMWY2bGfwA0dcfopWGgxs+78df0Rs3rc9THP4JkOhLsAa+15VdpAqkcUA==",
      "dev": true,
      "dependencies": {
        "@types/node": "*"
      }
    },
    "node_modules/@types/d3": {
      "version": "7.4.3",
      "resolved": "https://registry.npmjs.org/@types/d3/-/d3-7.4.3.tgz",
      "integrity": "sha512-lZXZ9ckh5R8uiFVt8ogUNf+pIrK4EsWrx2Np75WvF/eTpJ0FMHNhjXk8CKEx/+gpHbNQyJWehbFaTvqmHWB3ww==",
      "dev": true,
      "dependencies": {
        "@types/d3-array": "*",
        "@types/d3-axis": "*",
        "@types/d3-brush": "*",
        "@types/d3-chord": "*",
        "@types/d3-color": "*",
        "@types/d3-contour": "*",
        "@types/d3-delaunay": "*",
        "@types/d3-dispatch": "*",
        "@types/d3-drag": "*",
        "@types/d3-dsv": "*",
        "@types/d3-ease": "*",
        "@types/d3-fetch": "*",
        "@types/d3-force": "*",
        "@types/d3-format": "*",
        "@types/d3-geo": "*",
        "@types/d3-hierarchy": "*",
        "@types/d3-interpolate": "*",
        "@types/d3-path": "*",
        "@types/d3-polygon": "*",
        "@types/d3-quadtree": "*",
        "@types/d3-random": "*",
        "@types/d3-scale": "*",
        "@types/d3-scale-chromatic": "*",
        "@types/d3-selection": "*",
        "@types/d3-shape": "*",
        "@types/d3-time": "*",
        "@types/d3-time-format": "*",
        "@types/d3-timer": "*",
        "@types/d3-transition": "*",
        "@types/d3-zoom": "*"
      }
    },
    "node_modules/@types/d3-array": {
      "version": "3.2.1",
      "resolved": "https://registry.npmjs.org/@types/d3-array/-/d3-array-3.2.1.tgz",
      "integrity": "sha512-Y2Jn2idRrLzUfAKV2LyRImR+y4oa2AntrgID95SHJxuMUrkNXmanDSed71sRNZysveJVt1hLLemQZIady0FpEg==",
      "dev": true
    },
    "node_modules/@types/d3-axis": {
      "version": "3.0.6",
      "resolved": "https://registry.npmjs.org/@types/d3-axis/-/d3-axis-3.0.6.tgz",
      "integrity": "sha512-pYeijfZuBd87T0hGn0FO1vQ/cgLk6E1ALJjfkC0oJ8cbwkZl3TpgS8bVBLZN+2jjGgg38epgxb2zmoGtSfvgMw==",
      "dev": true,
      "dependencies": {
        "@types/d3-selection": "*"
      }
    },
    "node_modules/@types/d3-brush": {
      "version": "3.0.6",
      "resolved": "https://registry.npmjs.org/@types/d3-brush/-/d3-brush-3.0.6.tgz",
      "integrity": "sha512-nH60IZNNxEcrh6L1ZSMNA28rj27ut/2ZmI3r96Zd+1jrZD++zD3LsMIjWlvg4AYrHn/Pqz4CF3veCxGjtbqt7A==",
      "dev": true,
      "dependencies": {
        "@types/d3-selection": "*"
      }
    },
    "node_modules/@types/d3-chord": {
      "version": "3.0.6",
      "resolved": "https://registry.npmjs.org/@types/d3-chord/-/d3-chord-3.0.6.tgz",
      "integrity": "sha512-LFYWWd8nwfwEmTZG9PfQxd17HbNPksHBiJHaKuY1XeqscXacsS2tyoo6OdRsjf+NQYeB6XrNL3a25E3gH69lcg==",
      "dev": true
    },
    "node_modules/@types/d3-color": {
      "version": "3.1.3",
      "resolved": "https://registry.npmjs.org/@types/d3-color/-/d3-color-3.1.3.tgz",
      "integrity": "sha512-iO90scth9WAbmgv7ogoq57O9YpKmFBbmoEoCHDB2xMBY0+/KVrqAaCDyCE16dUspeOvIxFFRI+0sEtqDqy2b4A==",
      "dev": true
    },
    "node_modules/@types/d3-contour": {
      "version": "3.0.6",
      "resolved": "https://registry.npmjs.org/@types/d3-contour/-/d3-contour-3.0.6.tgz",
      "integrity": "sha512-BjzLgXGnCWjUSYGfH1cpdo41/hgdWETu4YxpezoztawmqsvCeep+8QGfiY6YbDvfgHz/DkjeIkkZVJavB4a3rg==",
      "dev": true,
      "dependencies": {
        "@types/d3-array": "*",
        "@types/geojson": "*"
      }
    },
    "node_modules/@types/d3-delaunay": {
      "version": "6.0.4",
      "resolved": "https://registry.npmjs.org/@types/d3-delaunay/-/d3-delaunay-6.0.4.tgz",
      "integrity": "sha512-ZMaSKu4THYCU6sV64Lhg6qjf1orxBthaC161plr5KuPHo3CNm8DTHiLw/5Eq2b6TsNP0W0iJrUOFscY6Q450Hw==",
      "dev": true
    },
    "node_modules/@types/d3-dispatch": {
      "version": "3.0.6",
      "resolved": "https://registry.npmjs.org/@types/d3-dispatch/-/d3-dispatch-3.0.6.tgz",
      "integrity": "sha512-4fvZhzMeeuBJYZXRXrRIQnvUYfyXwYmLsdiN7XXmVNQKKw1cM8a5WdID0g1hVFZDqT9ZqZEY5pD44p24VS7iZQ==",
      "dev": true
    },
    "node_modules/@types/d3-drag": {
      "version": "3.0.7",
      "resolved": "https://registry.npmjs.org/@types/d3-drag/-/d3-drag-3.0.7.tgz",
      "integrity": "sha512-HE3jVKlzU9AaMazNufooRJ5ZpWmLIoc90A37WU2JMmeq28w1FQqCZswHZ3xR+SuxYftzHq6WU6KJHvqxKzTxxQ==",
      "dev": true,
      "dependencies": {
        "@types/d3-selection": "*"
      }
    },
    "node_modules/@types/d3-dsv": {
      "version": "3.0.7",
      "resolved": "https://registry.npmjs.org/@types/d3-dsv/-/d3-dsv-3.0.7.tgz",
      "integrity": "sha512-n6QBF9/+XASqcKK6waudgL0pf/S5XHPPI8APyMLLUHd8NqouBGLsU8MgtO7NINGtPBtk9Kko/W4ea0oAspwh9g==",
      "dev": true
    },
    "node_modules/@types/d3-ease": {
      "version": "3.0.2",
      "resolved": "https://registry.npmjs.org/@types/d3-ease/-/d3-ease-3.0.2.tgz",
      "integrity": "sha512-NcV1JjO5oDzoK26oMzbILE6HW7uVXOHLQvHshBUW4UMdZGfiY6v5BeQwh9a9tCzv+CeefZQHJt5SRgK154RtiA==",
      "dev": true
    },
    "node_modules/@types/d3-fetch": {
      "version": "3.0.7",
      "resolved": "https://registry.npmjs.org/@types/d3-fetch/-/d3-fetch-3.0.7.tgz",
      "integrity": "sha512-fTAfNmxSb9SOWNB9IoG5c8Hg6R+AzUHDRlsXsDZsNp6sxAEOP0tkP3gKkNSO/qmHPoBFTxNrjDprVHDQDvo5aA==",
      "dev": true,
      "dependencies": {
        "@types/d3-dsv": "*"
      }
    },
    "node_modules/@types/d3-force": {
      "version": "3.0.10",
      "resolved": "https://registry.npmjs.org/@types/d3-force/-/d3-force-3.0.10.tgz",
      "integrity": "sha512-ZYeSaCF3p73RdOKcjj+swRlZfnYpK1EbaDiYICEEp5Q6sUiqFaFQ9qgoshp5CzIyyb/yD09kD9o2zEltCexlgw==",
      "dev": true
    },
    "node_modules/@types/d3-format": {
      "version": "3.0.4",
      "resolved": "https://registry.npmjs.org/@types/d3-format/-/d3-format-3.0.4.tgz",
      "integrity": "sha512-fALi2aI6shfg7vM5KiR1wNJnZ7r6UuggVqtDA+xiEdPZQwy/trcQaHnwShLuLdta2rTymCNpxYTiMZX/e09F4g==",
      "dev": true
    },
    "node_modules/@types/d3-geo": {
      "version": "3.1.0",
      "resolved": "https://registry.npmjs.org/@types/d3-geo/-/d3-geo-3.1.0.tgz",
      "integrity": "sha512-856sckF0oP/diXtS4jNsiQw/UuK5fQG8l/a9VVLeSouf1/PPbBE1i1W852zVwKwYCBkFJJB7nCFTbk6UMEXBOQ==",
      "dev": true,
      "dependencies": {
        "@types/geojson": "*"
      }
    },
    "node_modules/@types/d3-hierarchy": {
      "version": "3.1.7",
      "resolved": "https://registry.npmjs.org/@types/d3-hierarchy/-/d3-hierarchy-3.1.7.tgz",
      "integrity": "sha512-tJFtNoYBtRtkNysX1Xq4sxtjK8YgoWUNpIiUee0/jHGRwqvzYxkq0hGVbbOGSz+JgFxxRu4K8nb3YpG3CMARtg==",
      "dev": true
    },
    "node_modules/@types/d3-interpolate": {
      "version": "3.0.4",
      "resolved": "https://registry.npmjs.org/@types/d3-interpolate/-/d3-interpolate-3.0.4.tgz",
      "integrity": "sha512-mgLPETlrpVV1YRJIglr4Ez47g7Yxjl1lj7YKsiMCb27VJH9W8NVM6Bb9d8kkpG/uAQS5AmbA48q2IAolKKo1MA==",
      "dev": true,
      "dependencies": {
        "@types/d3-color": "*"
      }
    },
    "node_modules/@types/d3-path": {
      "version": "3.1.0",
      "resolved": "https://registry.npmjs.org/@types/d3-path/-/d3-path-3.1.0.tgz",
      "integrity": "sha512-P2dlU/q51fkOc/Gfl3Ul9kicV7l+ra934qBFXCFhrZMOL6du1TM0pm1ThYvENukyOn5h9v+yMJ9Fn5JK4QozrQ==",
      "dev": true
    },
    "node_modules/@types/d3-polygon": {
      "version": "3.0.2",
      "resolved": "https://registry.npmjs.org/@types/d3-polygon/-/d3-polygon-3.0.2.tgz",
      "integrity": "sha512-ZuWOtMaHCkN9xoeEMr1ubW2nGWsp4nIql+OPQRstu4ypeZ+zk3YKqQT0CXVe/PYqrKpZAi+J9mTs05TKwjXSRA==",
      "dev": true
    },
    "node_modules/@types/d3-quadtree": {
      "version": "3.0.6",
      "resolved": "https://registry.npmjs.org/@types/d3-quadtree/-/d3-quadtree-3.0.6.tgz",
      "integrity": "sha512-oUzyO1/Zm6rsxKRHA1vH0NEDG58HrT5icx/azi9MF1TWdtttWl0UIUsjEQBBh+SIkrpd21ZjEv7ptxWys1ncsg==",
      "dev": true
    },
    "node_modules/@types/d3-random": {
      "version": "3.0.3",
      "resolved": "https://registry.npmjs.org/@types/d3-random/-/d3-random-3.0.3.tgz",
      "integrity": "sha512-Imagg1vJ3y76Y2ea0871wpabqp613+8/r0mCLEBfdtqC7xMSfj9idOnmBYyMoULfHePJyxMAw3nWhJxzc+LFwQ==",
      "dev": true
    },
    "node_modules/@types/d3-scale": {
      "version": "4.0.8",
      "resolved": "https://registry.npmjs.org/@types/d3-scale/-/d3-scale-4.0.8.tgz",
      "integrity": "sha512-gkK1VVTr5iNiYJ7vWDI+yUFFlszhNMtVeneJ6lUTKPjprsvLLI9/tgEGiXJOnlINJA8FyA88gfnQsHbybVZrYQ==",
      "dev": true,
      "dependencies": {
        "@types/d3-time": "*"
      }
    },
    "node_modules/@types/d3-scale-chromatic": {
      "version": "3.0.3",
      "resolved": "https://registry.npmjs.org/@types/d3-scale-chromatic/-/d3-scale-chromatic-3.0.3.tgz",
      "integrity": "sha512-laXM4+1o5ImZv3RpFAsTRn3TEkzqkytiOY0Dz0sq5cnd1dtNlk6sHLon4OvqaiJb28T0S/TdsBI3Sjsy+keJrw==",
      "dev": true
    },
    "node_modules/@types/d3-selection": {
      "version": "3.0.10",
      "resolved": "https://registry.npmjs.org/@types/d3-selection/-/d3-selection-3.0.10.tgz",
      "integrity": "sha512-cuHoUgS/V3hLdjJOLTT691+G2QoqAjCVLmr4kJXR4ha56w1Zdu8UUQ5TxLRqudgNjwXeQxKMq4j+lyf9sWuslg==",
      "dev": true
    },
    "node_modules/@types/d3-shape": {
      "version": "3.1.6",
      "resolved": "https://registry.npmjs.org/@types/d3-shape/-/d3-shape-3.1.6.tgz",
      "integrity": "sha512-5KKk5aKGu2I+O6SONMYSNflgiP0WfZIQvVUMan50wHsLG1G94JlxEVnCpQARfTtzytuY0p/9PXXZb3I7giofIA==",
      "dev": true,
      "dependencies": {
        "@types/d3-path": "*"
      }
    },
    "node_modules/@types/d3-time": {
      "version": "3.0.3",
      "resolved": "https://registry.npmjs.org/@types/d3-time/-/d3-time-3.0.3.tgz",
      "integrity": "sha512-2p6olUZ4w3s+07q3Tm2dbiMZy5pCDfYwtLXXHUnVzXgQlZ/OyPtUz6OL382BkOuGlLXqfT+wqv8Fw2v8/0geBw==",
      "dev": true
    },
    "node_modules/@types/d3-time-format": {
      "version": "4.0.3",
      "resolved": "https://registry.npmjs.org/@types/d3-time-format/-/d3-time-format-4.0.3.tgz",
      "integrity": "sha512-5xg9rC+wWL8kdDj153qZcsJ0FWiFt0J5RB6LYUNZjwSnesfblqrI/bJ1wBdJ8OQfncgbJG5+2F+qfqnqyzYxyg==",
      "dev": true
    },
    "node_modules/@types/d3-timer": {
      "version": "3.0.2",
      "resolved": "https://registry.npmjs.org/@types/d3-timer/-/d3-timer-3.0.2.tgz",
      "integrity": "sha512-Ps3T8E8dZDam6fUyNiMkekK3XUsaUEik+idO9/YjPtfj2qruF8tFBXS7XhtE4iIXBLxhmLjP3SXpLhVf21I9Lw==",
      "dev": true
    },
    "node_modules/@types/d3-transition": {
      "version": "3.0.8",
      "resolved": "https://registry.npmjs.org/@types/d3-transition/-/d3-transition-3.0.8.tgz",
      "integrity": "sha512-ew63aJfQ/ms7QQ4X7pk5NxQ9fZH/z+i24ZfJ6tJSfqxJMrYLiK01EAs2/Rtw/JreGUsS3pLPNV644qXFGnoZNQ==",
      "dev": true,
      "dependencies": {
        "@types/d3-selection": "*"
      }
    },
    "node_modules/@types/d3-zoom": {
      "version": "3.0.8",
      "resolved": "https://registry.npmjs.org/@types/d3-zoom/-/d3-zoom-3.0.8.tgz",
      "integrity": "sha512-iqMC4/YlFCSlO8+2Ii1GGGliCAY4XdeG748w5vQUbevlbDu0zSjH/+jojorQVBK/se0j6DUFNPBGSqD3YWYnDw==",
      "dev": true,
      "dependencies": {
        "@types/d3-interpolate": "*",
        "@types/d3-selection": "*"
      }
    },
    "node_modules/@types/express": {
      "version": "4.17.21",
      "resolved": "https://registry.npmjs.org/@types/express/-/express-4.17.21.tgz",
      "integrity": "sha512-ejlPM315qwLpaQlQDTjPdsUFSc6ZsP4AN6AlWnogPjQ7CVi7PYF3YVz+CY3jE2pwYf7E/7HlDAN0rV2GxTG0HQ==",
      "dev": true,
      "dependencies": {
        "@types/body-parser": "*",
        "@types/express-serve-static-core": "^4.17.33",
        "@types/qs": "*",
        "@types/serve-static": "*"
      }
    },
    "node_modules/@types/express-serve-static-core": {
      "version": "4.19.5",
      "resolved": "https://registry.npmjs.org/@types/express-serve-static-core/-/express-serve-static-core-4.19.5.tgz",
      "integrity": "sha512-y6W03tvrACO72aijJ5uF02FRq5cgDR9lUxddQ8vyF+GvmjJQqbzDcJngEjURc+ZsG31VI3hODNZJ2URj86pzmg==",
      "dev": true,
      "dependencies": {
        "@types/node": "*",
        "@types/qs": "*",
        "@types/range-parser": "*",
        "@types/send": "*"
      }
    },
    "node_modules/@types/geojson": {
      "version": "7946.0.14",
      "resolved": "https://registry.npmjs.org/@types/geojson/-/geojson-7946.0.14.tgz",
      "integrity": "sha512-WCfD5Ht3ZesJUsONdhvm84dmzWOiOzOAqOncN0++w0lBw1o8OuDNJF2McvvCef/yBqb/HYRahp1BYtODFQ8bRg==",
      "dev": true
    },
    "node_modules/@types/http-errors": {
      "version": "2.0.4",
      "resolved": "https://registry.npmjs.org/@types/http-errors/-/http-errors-2.0.4.tgz",
      "integrity": "sha512-D0CFMMtydbJAegzOyHjtiKPLlvnm3iTZyZRSZoLq2mRhDdmLfIWOCYPfQJ4cu2erKghU++QvjcUjp/5h7hESpA==",
      "dev": true
    },
    "node_modules/@types/inherits": {
      "version": "0.0.33",
      "resolved": "https://registry.npmjs.org/@types/inherits/-/inherits-0.0.33.tgz",
      "integrity": "sha512-ICS/+dYTkt3D7GPBAKqAAFXpeoWOZ6CVhiOlcweN4t3gZd8joVIy43KWsKGPL+d2Rvxunhz80Z7zlZhmR/q+GQ==",
      "dev": true,
      "dependencies": {
        "@types/node": "*"
      }
    },
    "node_modules/@types/mime": {
      "version": "1.3.5",
      "resolved": "https://registry.npmjs.org/@types/mime/-/mime-1.3.5.tgz",
      "integrity": "sha512-/pyBZWSLD2n0dcHE3hq8s8ZvcETHtEuF+3E7XVt0Ig2nvsVQXdghHVcEkIWjy9A0wKfTn97a/PSDYohKIlnP/w==",
      "dev": true
    },
    "node_modules/@types/mysql": {
      "version": "2.15.26",
      "resolved": "https://registry.npmjs.org/@types/mysql/-/mysql-2.15.26.tgz",
      "integrity": "sha512-DSLCOXhkvfS5WNNPbfn2KdICAmk8lLc+/PNvnPnF7gOdMZCxopXduqv0OQ13y/yA/zXTSikZZqVgybUxOEg6YQ==",
      "dev": true,
      "dependencies": {
        "@types/node": "*"
      }
    },
    "node_modules/@types/node": {
      "version": "22.3.0",
      "resolved": "https://registry.npmjs.org/@types/node/-/node-22.3.0.tgz",
      "integrity": "sha512-nrWpWVaDZuaVc5X84xJ0vNrLvomM205oQyLsRt7OHNZbSHslcWsvgFR7O7hire2ZonjLrWBbedmotmIlJDVd6g==",
      "dev": true,
      "dependencies": {
        "undici-types": "~6.18.2"
      }
    },
    "node_modules/@types/prop-types": {
      "version": "15.7.12",
      "resolved": "https://registry.npmjs.org/@types/prop-types/-/prop-types-15.7.12.tgz",
      "integrity": "sha512-5zvhXYtRNRluoE/jAp4GVsSduVUzNWKkOZrCDBWYtE7biZywwdC2AcEzg+cSMLFRfVgeAFqpfNabiPjxFddV1Q==",
      "dev": true
    },
    "node_modules/@types/qs": {
      "version": "6.9.15",
      "resolved": "https://registry.npmjs.org/@types/qs/-/qs-6.9.15.tgz",
      "integrity": "sha512-uXHQKES6DQKKCLh441Xv/dwxOq1TVS3JPUMlEqoEglvlhR6Mxnlew/Xq/LRVHpLyk7iK3zODe1qYHIMltO7XGg==",
      "dev": true
    },
    "node_modules/@types/range-parser": {
      "version": "1.2.7",
      "resolved": "https://registry.npmjs.org/@types/range-parser/-/range-parser-1.2.7.tgz",
      "integrity": "sha512-hKormJbkJqzQGhziax5PItDUTMAM9uE2XXQmM37dyd4hVM+5aVl7oVxMVUiVQn2oCQFN/LKCZdvSM0pFRqbSmQ==",
      "dev": true
    },
    "node_modules/@types/react": {
      "version": "18.3.3",
      "resolved": "https://registry.npmjs.org/@types/react/-/react-18.3.3.tgz",
      "integrity": "sha512-hti/R0pS0q1/xx+TsI73XIqk26eBsISZ2R0wUijXIngRK9R/e7Xw/cXVxQK7R5JjW+SV4zGcn5hXjudkN/pLIw==",
      "dev": true,
      "dependencies": {
        "@types/prop-types": "*",
        "csstype": "^3.0.2"
      }
    },
    "node_modules/@types/react-dom": {
      "version": "18.3.0",
      "resolved": "https://registry.npmjs.org/@types/react-dom/-/react-dom-18.3.0.tgz",
      "integrity": "sha512-EhwApuTmMBmXuFOikhQLIBUn6uFg81SwLMOAUgodJF14SOBOCMdU04gDoYi0WOJJHD144TL32z4yDqCW3dnkQg==",
      "dev": true,
      "dependencies": {
        "@types/react": "*"
      }
    },
    "node_modules/@types/rethinkdb": {
      "version": "2.3.21",
      "resolved": "https://registry.npmjs.org/@types/rethinkdb/-/rethinkdb-2.3.21.tgz",
      "integrity": "sha512-mtihQPnluyf+7zfScz+xxmPyHm6K8Dm5Y9t40zOtQqH+b/O4LeTXBZz2Zn7Pu++/ND3XWb4Xnl0R1crXOU5Srw==",
      "dev": true,
      "dependencies": {
        "@types/node": "*"
      }
    },
    "node_modules/@types/send": {
      "version": "0.17.4",
      "resolved": "https://registry.npmjs.org/@types/send/-/send-0.17.4.tgz",
      "integrity": "sha512-x2EM6TJOybec7c52BX0ZspPodMsQUd5L6PRwOunVyVUhXiBSKf3AezDL8Dgvgt5o0UfKNfuA0eMLr2wLT4AiBA==",
      "dev": true,
      "dependencies": {
        "@types/mime": "^1",
        "@types/node": "*"
      }
    },
    "node_modules/@types/serve-static": {
      "version": "1.15.7",
      "resolved": "https://registry.npmjs.org/@types/serve-static/-/serve-static-1.15.7.tgz",
      "integrity": "sha512-W8Ym+h8nhuRwaKPaDw34QUkwsGi6Rc4yYqvKFo5rm2FUEhCFbzVWrxXUxuKK8TASjWsysJY0nsmNCGhCOIsrOw==",
      "dev": true,
      "dependencies": {
        "@types/http-errors": "*",
        "@types/node": "*",
        "@types/send": "*"
      }
    },
    "node_modules/csstype": {
      "version": "3.1.3",
      "resolved": "https://registry.npmjs.org/csstype/-/csstype-3.1.3.tgz",
      "integrity": "sha512-M1uQkMl8rQK/szD0LNhtqxIPLpimGm8sOBwU7lLnCpSbTyY3yeU1Vc7l4KT5zT4s/yOxHH5O7tIuuLOCnLADRw==",
      "dev": true
    },
    "node_modules/types-registry": {
      "version": "0.1.685",
      "resolved": "https://registry.npmjs.org/types-registry/-/types-registry-0.1.685.tgz",
      "integrity": "sha512-dC3Nqu/q2Ey8Jj/YV0plEub0oycMiu3VaAf+tf8X5uhtiRS4iF1BubY5cra1LIaKr+fTblxQvoVAYIPeVj1A9g=="
    },
    "node_modules/undici-types": {
      "version": "6.18.2",
      "resolved": "https://registry.npmjs.org/undici-types/-/undici-types-6.18.2.tgz",
      "integrity": "sha512-5ruQbENj95yDYJNS3TvcaxPMshV7aizdv/hWYjGIKoANWKjhWNBsr2YEuYZKodQulB1b8l7ILOuDQep3afowQQ==",
      "dev": true
    }
  }
}
